// !$*UTF8*$!
{
	archiveVersion = 1;
	classes = {
	};
	objectVersion = 56;
	objects = {

/* Begin PBXBuildFile section */
		65046D1F2AD4478E005435D3 /* Signal to Noise.mp3 in Resources */ = {isa = PBXBuildFile; fileRef = 65046D1E2AD4478E005435D3 /* Signal to Noise.mp3 */; };
		651D9EA52AB0A3A900B67102 /* ContentView.swift in Sources */ = {isa = PBXBuildFile; fileRef = 651D9EA42AB0A3A900B67102 /* ContentView.swift */; };
		651D9EAE2AB0A3CB00B67102 /* Journey End.mp3 in Resources */ = {isa = PBXBuildFile; fileRef = 651D9EA62AB0A3C900B67102 /* Journey End.mp3 */; };
		651D9EAF2AB0A3CB00B67102 /* Soon We'll Fly.mp3 in Resources */ = {isa = PBXBuildFile; fileRef = 651D9EA72AB0A3C900B67102 /* Soon We'll Fly.mp3 */; };
		651D9EB02AB0A3CB00B67102 /* Canon in D Major.mp3 in Resources */ = {isa = PBXBuildFile; fileRef = 651D9EA82AB0A3C900B67102 /* Canon in D Major.mp3 */; };
		651D9EB12AB0A3CB00B67102 /* Downtown Glow.mp3 in Resources */ = {isa = PBXBuildFile; fileRef = 651D9EA92AB0A3CA00B67102 /* Downtown Glow.mp3 */; };
		651D9EB22AB0A3CB00B67102 /* Embrace.mp3 in Resources */ = {isa = PBXBuildFile; fileRef = 651D9EAA2AB0A3CA00B67102 /* Embrace.mp3 */; };
		651D9EB32AB0A3CB00B67102 /* Art of Silence.mp3 in Resources */ = {isa = PBXBuildFile; fileRef = 651D9EAB2AB0A3CA00B67102 /* Art of Silence.mp3 */; };
		651D9EB42AB0A3CB00B67102 /* Memories of Spring.mp3 in Resources */ = {isa = PBXBuildFile; fileRef = 651D9EAC2AB0A3CA00B67102 /* Memories of Spring.mp3 */; };
		651D9EB52AB0A3CB00B67102 /* Arnor.mp3 in Resources */ = {isa = PBXBuildFile; fileRef = 651D9EAD2AB0A3CB00B67102 /* Arnor.mp3 */; };
		651D9EB92AB0BBE900B67102 /* AudioPlayerModel.swift in Sources */ = {isa = PBXBuildFile; fileRef = 651D9EB82AB0BBE900B67102 /* AudioPlayerModel.swift */; };
		651D9EBB2AB0BDED00B67102 /* The Logo.mp3 in Resources */ = {isa = PBXBuildFile; fileRef = 651D9EBA2AB0BDED00B67102 /* The Logo.mp3 */; };
		65813AAA2AD846E100A0D7E9 /* AudioPlayerViews.swift in Sources */ = {isa = PBXBuildFile; fileRef = 65813AA92AD846E100A0D7E9 /* AudioPlayerViews.swift */; };
		65C342272AF12CF100E24C15 /* TimerModel.swift in Sources */ = {isa = PBXBuildFile; fileRef = 65C342262AF12CF100E24C15 /* TimerModel.swift */; };
		65C342292AF132A400E24C15 /* TimerViews.swift in Sources */ = {isa = PBXBuildFile; fileRef = 65C342282AF132A400E24C15 /* TimerViews.swift */; };
		65E9424D2A93978200B77B13 /* Study_MusicApp.swift in Sources */ = {isa = PBXBuildFile; fileRef = 65E9424C2A93978200B77B13 /* Study_MusicApp.swift */; };
		65E942512A93978400B77B13 /* Assets.xcassets in Resources */ = {isa = PBXBuildFile; fileRef = 65E942502A93978400B77B13 /* Assets.xcassets */; };
		65E942542A93978400B77B13 /* Preview Assets.xcassets in Resources */ = {isa = PBXBuildFile; fileRef = 65E942532A93978400B77B13 /* Preview Assets.xcassets */; };
		65E9425E2A93978400B77B13 /* Study_MusicTests.swift in Sources */ = {isa = PBXBuildFile; fileRef = 65E9425D2A93978400B77B13 /* Study_MusicTests.swift */; };
		65E942682A93978400B77B13 /* Study_MusicUITests.swift in Sources */ = {isa = PBXBuildFile; fileRef = 65E942672A93978400B77B13 /* Study_MusicUITests.swift */; };
		65E9426A2A93978400B77B13 /* Study_MusicUITestsLaunchTests.swift in Sources */ = {isa = PBXBuildFile; fileRef = 65E942692A93978400B77B13 /* Study_MusicUITestsLaunchTests.swift */; };
/* End PBXBuildFile section */

/* Begin PBXContainerItemProxy section */
		65E9425A2A93978400B77B13 /* PBXContainerItemProxy */ = {
			isa = PBXContainerItemProxy;
			containerPortal = 65E942412A93978100B77B13 /* Project object */;
			proxyType = 1;
			remoteGlobalIDString = 65E942482A93978100B77B13;
			remoteInfo = "Study Music";
		};
		65E942642A93978400B77B13 /* PBXContainerItemProxy */ = {
			isa = PBXContainerItemProxy;
			containerPortal = 65E942412A93978100B77B13 /* Project object */;
			proxyType = 1;
			remoteGlobalIDString = 65E942482A93978100B77B13;
			remoteInfo = "Study Music";
		};
/* End PBXContainerItemProxy section */

/* Begin PBXFileReference section */
		65046D1E2AD4478E005435D3 /* Signal to Noise.mp3 */ = {isa = PBXFileReference; lastKnownFileType = audio.mp3; path = "Signal to Noise.mp3"; sourceTree = "<group>"; };
		651D9EA42AB0A3A900B67102 /* ContentView.swift */ = {isa = PBXFileReference; lastKnownFileType = sourcecode.swift; path = ContentView.swift; sourceTree = "<group>"; };
		651D9EA62AB0A3C900B67102 /* Journey End.mp3 */ = {isa = PBXFileReference; lastKnownFileType = audio.mp3; path = "Journey End.mp3"; sourceTree = "<group>"; };
		651D9EA72AB0A3C900B67102 /* Soon We'll Fly.mp3 */ = {isa = PBXFileReference; lastKnownFileType = audio.mp3; path = "Soon We'll Fly.mp3"; sourceTree = "<group>"; };
		651D9EA82AB0A3C900B67102 /* Canon in D Major.mp3 */ = {isa = PBXFileReference; lastKnownFileType = audio.mp3; path = "Canon in D Major.mp3"; sourceTree = "<group>"; };
		651D9EA92AB0A3CA00B67102 /* Downtown Glow.mp3 */ = {isa = PBXFileReference; lastKnownFileType = audio.mp3; path = "Downtown Glow.mp3"; sourceTree = "<group>"; };
		651D9EAA2AB0A3CA00B67102 /* Embrace.mp3 */ = {isa = PBXFileReference; lastKnownFileType = audio.mp3; path = Embrace.mp3; sourceTree = "<group>"; };
		651D9EAB2AB0A3CA00B67102 /* Art of Silence.mp3 */ = {isa = PBXFileReference; lastKnownFileType = audio.mp3; path = "Art of Silence.mp3"; sourceTree = "<group>"; };
		651D9EAC2AB0A3CA00B67102 /* Memories of Spring.mp3 */ = {isa = PBXFileReference; lastKnownFileType = audio.mp3; path = "Memories of Spring.mp3"; sourceTree = "<group>"; };
		651D9EAD2AB0A3CB00B67102 /* Arnor.mp3 */ = {isa = PBXFileReference; lastKnownFileType = audio.mp3; path = Arnor.mp3; sourceTree = "<group>"; };
		651D9EB82AB0BBE900B67102 /* AudioPlayerModel.swift */ = {isa = PBXFileReference; lastKnownFileType = sourcecode.swift; path = AudioPlayerModel.swift; sourceTree = "<group>"; };
		651D9EBA2AB0BDED00B67102 /* The Logo.mp3 */ = {isa = PBXFileReference; lastKnownFileType = audio.mp3; path = "The Logo.mp3"; sourceTree = "<group>"; };
		65813AA92AD846E100A0D7E9 /* AudioPlayerViews.swift */ = {isa = PBXFileReference; lastKnownFileType = sourcecode.swift; path = AudioPlayerViews.swift; sourceTree = "<group>"; };
		65C342262AF12CF100E24C15 /* TimerModel.swift */ = {isa = PBXFileReference; lastKnownFileType = sourcecode.swift; path = TimerModel.swift; sourceTree = "<group>"; };
		65C342282AF132A400E24C15 /* TimerViews.swift */ = {isa = PBXFileReference; lastKnownFileType = sourcecode.swift; path = TimerViews.swift; sourceTree = "<group>"; };
		65E942492A93978100B77B13 /* Study Music.app */ = {isa = PBXFileReference; explicitFileType = wrapper.application; includeInIndex = 0; path = "Study Music.app"; sourceTree = BUILT_PRODUCTS_DIR; };
		65E9424C2A93978200B77B13 /* Study_MusicApp.swift */ = {isa = PBXFileReference; lastKnownFileType = sourcecode.swift; path = Study_MusicApp.swift; sourceTree = "<group>"; };
		65E942502A93978400B77B13 /* Assets.xcassets */ = {isa = PBXFileReference; lastKnownFileType = folder.assetcatalog; path = Assets.xcassets; sourceTree = "<group>"; };
		65E942532A93978400B77B13 /* Preview Assets.xcassets */ = {isa = PBXFileReference; lastKnownFileType = folder.assetcatalog; path = "Preview Assets.xcassets"; sourceTree = "<group>"; };
		65E942592A93978400B77B13 /* Study MusicTests.xctest */ = {isa = PBXFileReference; explicitFileType = wrapper.cfbundle; includeInIndex = 0; path = "Study MusicTests.xctest"; sourceTree = BUILT_PRODUCTS_DIR; };
		65E9425D2A93978400B77B13 /* Study_MusicTests.swift */ = {isa = PBXFileReference; lastKnownFileType = sourcecode.swift; path = Study_MusicTests.swift; sourceTree = "<group>"; };
		65E942632A93978400B77B13 /* Study MusicUITests.xctest */ = {isa = PBXFileReference; explicitFileType = wrapper.cfbundle; includeInIndex = 0; path = "Study MusicUITests.xctest"; sourceTree = BUILT_PRODUCTS_DIR; };
		65E942672A93978400B77B13 /* Study_MusicUITests.swift */ = {isa = PBXFileReference; lastKnownFileType = sourcecode.swift; path = Study_MusicUITests.swift; sourceTree = "<group>"; };
		65E942692A93978400B77B13 /* Study_MusicUITestsLaunchTests.swift */ = {isa = PBXFileReference; lastKnownFileType = sourcecode.swift; path = Study_MusicUITestsLaunchTests.swift; sourceTree = "<group>"; };
/* End PBXFileReference section */

/* Begin PBXFrameworksBuildPhase section */
		65E942462A93978100B77B13 /* Frameworks */ = {
			isa = PBXFrameworksBuildPhase;
			buildActionMask = 2147483647;
			files = (
			);
			runOnlyForDeploymentPostprocessing = 0;
		};
		65E942562A93978400B77B13 /* Frameworks */ = {
			isa = PBXFrameworksBuildPhase;
			buildActionMask = 2147483647;
			files = (
			);
			runOnlyForDeploymentPostprocessing = 0;
		};
		65E942602A93978400B77B13 /* Frameworks */ = {
			isa = PBXFrameworksBuildPhase;
			buildActionMask = 2147483647;
			files = (
			);
			runOnlyForDeploymentPostprocessing = 0;
		};
/* End PBXFrameworksBuildPhase section */

/* Begin PBXGroup section */
		65BA46932A9904F000DDFB05 /* Music */ = {
			isa = PBXGroup;
			children = (
				65046D1E2AD4478E005435D3 /* Signal to Noise.mp3 */,
				651D9EBA2AB0BDED00B67102 /* The Logo.mp3 */,
				651D9EAD2AB0A3CB00B67102 /* Arnor.mp3 */,
				651D9EAB2AB0A3CA00B67102 /* Art of Silence.mp3 */,
				651D9EA82AB0A3C900B67102 /* Canon in D Major.mp3 */,
				651D9EA92AB0A3CA00B67102 /* Downtown Glow.mp3 */,
				651D9EAA2AB0A3CA00B67102 /* Embrace.mp3 */,
				651D9EA62AB0A3C900B67102 /* Journey End.mp3 */,
				651D9EAC2AB0A3CA00B67102 /* Memories of Spring.mp3 */,
				651D9EA72AB0A3C900B67102 /* Soon We'll Fly.mp3 */,
			);
			path = Music;
			sourceTree = "<group>";
		};
		65E942402A93978100B77B13 = {
			isa = PBXGroup;
			children = (
				65E9424B2A93978100B77B13 /* Study Music */,
				65E9425C2A93978400B77B13 /* Study MusicTests */,
				65E942662A93978400B77B13 /* Study MusicUITests */,
				65E9424A2A93978100B77B13 /* Products */,
			);
			sourceTree = "<group>";
		};
		65E9424A2A93978100B77B13 /* Products */ = {
			isa = PBXGroup;
			children = (
				65E942492A93978100B77B13 /* Study Music.app */,
				65E942592A93978400B77B13 /* Study MusicTests.xctest */,
				65E942632A93978400B77B13 /* Study MusicUITests.xctest */,
			);
			name = Products;
			sourceTree = "<group>";
		};
		65E9424B2A93978100B77B13 /* Study Music */ = {
			isa = PBXGroup;
			children = (
				65E9424C2A93978200B77B13 /* Study_MusicApp.swift */,
				651D9EA42AB0A3A900B67102 /* ContentView.swift */,
				65C342262AF12CF100E24C15 /* TimerModel.swift */,
				65C342282AF132A400E24C15 /* TimerViews.swift */,
				65813AA92AD846E100A0D7E9 /* AudioPlayerViews.swift */,
				651D9EB82AB0BBE900B67102 /* AudioPlayerModel.swift */,
				65E942502A93978400B77B13 /* Assets.xcassets */,
				65E942522A93978400B77B13 /* Preview Content */,
				65BA46932A9904F000DDFB05 /* Music */,
			);
			path = "Study Music";
			sourceTree = "<group>";
		};
		65E942522A93978400B77B13 /* Preview Content */ = {
			isa = PBXGroup;
			children = (
				65E942532A93978400B77B13 /* Preview Assets.xcassets */,
			);
			path = "Preview Content";
			sourceTree = "<group>";
		};
		65E9425C2A93978400B77B13 /* Study MusicTests */ = {
			isa = PBXGroup;
			children = (
				65E9425D2A93978400B77B13 /* Study_MusicTests.swift */,
			);
			path = "Study MusicTests";
			sourceTree = "<group>";
		};
		65E942662A93978400B77B13 /* Study MusicUITests */ = {
			isa = PBXGroup;
			children = (
				65E942672A93978400B77B13 /* Study_MusicUITests.swift */,
				65E942692A93978400B77B13 /* Study_MusicUITestsLaunchTests.swift */,
			);
			path = "Study MusicUITests";
			sourceTree = "<group>";
		};
/* End PBXGroup section */

/* Begin PBXNativeTarget section */
		65E942482A93978100B77B13 /* Study Music */ = {
			isa = PBXNativeTarget;
			buildConfigurationList = 65E9426D2A93978400B77B13 /* Build configuration list for PBXNativeTarget "Study Music" */;
			buildPhases = (
				65E942452A93978100B77B13 /* Sources */,
				65E942462A93978100B77B13 /* Frameworks */,
				65E942472A93978100B77B13 /* Resources */,
			);
			buildRules = (
			);
			dependencies = (
			);
			name = "Study Music";
			productName = "Study Music";
			productReference = 65E942492A93978100B77B13 /* Study Music.app */;
			productType = "com.apple.product-type.application";
		};
		65E942582A93978400B77B13 /* Study MusicTests */ = {
			isa = PBXNativeTarget;
			buildConfigurationList = 65E942702A93978400B77B13 /* Build configuration list for PBXNativeTarget "Study MusicTests" */;
			buildPhases = (
				65E942552A93978400B77B13 /* Sources */,
				65E942562A93978400B77B13 /* Frameworks */,
				65E942572A93978400B77B13 /* Resources */,
			);
			buildRules = (
			);
			dependencies = (
				65E9425B2A93978400B77B13 /* PBXTargetDependency */,
			);
			name = "Study MusicTests";
			productName = "Study MusicTests";
			productReference = 65E942592A93978400B77B13 /* Study MusicTests.xctest */;
			productType = "com.apple.product-type.bundle.unit-test";
		};
		65E942622A93978400B77B13 /* Study MusicUITests */ = {
			isa = PBXNativeTarget;
			buildConfigurationList = 65E942732A93978400B77B13 /* Build configuration list for PBXNativeTarget "Study MusicUITests" */;
			buildPhases = (
				65E9425F2A93978400B77B13 /* Sources */,
				65E942602A93978400B77B13 /* Frameworks */,
				65E942612A93978400B77B13 /* Resources */,
			);
			buildRules = (
			);
			dependencies = (
				65E942652A93978400B77B13 /* PBXTargetDependency */,
			);
			name = "Study MusicUITests";
			productName = "Study MusicUITests";
			productReference = 65E942632A93978400B77B13 /* Study MusicUITests.xctest */;
			productType = "com.apple.product-type.bundle.ui-testing";
		};
/* End PBXNativeTarget section */

/* Begin PBXProject section */
		65E942412A93978100B77B13 /* Project object */ = {
			isa = PBXProject;
			attributes = {
				BuildIndependentTargetsInParallel = 1;
				LastSwiftUpdateCheck = 1500;
				LastUpgradeCheck = 1500;
				TargetAttributes = {
					65E942482A93978100B77B13 = {
						CreatedOnToolsVersion = 15.0;
					};
					65E942582A93978400B77B13 = {
						CreatedOnToolsVersion = 15.0;
						TestTargetID = 65E942482A93978100B77B13;
					};
					65E942622A93978400B77B13 = {
						CreatedOnToolsVersion = 15.0;
						TestTargetID = 65E942482A93978100B77B13;
					};
				};
			};
			buildConfigurationList = 65E942442A93978100B77B13 /* Build configuration list for PBXProject "Study Music" */;
			compatibilityVersion = "Xcode 14.0";
			developmentRegion = en;
			hasScannedForEncodings = 0;
			knownRegions = (
				en,
				Base,
			);
			mainGroup = 65E942402A93978100B77B13;
			productRefGroup = 65E9424A2A93978100B77B13 /* Products */;
			projectDirPath = "";
			projectRoot = "";
			targets = (
				65E942482A93978100B77B13 /* Study Music */,
				65E942582A93978400B77B13 /* Study MusicTests */,
				65E942622A93978400B77B13 /* Study MusicUITests */,
			);
		};
/* End PBXProject section */

/* Begin PBXResourcesBuildPhase section */
		65E942472A93978100B77B13 /* Resources */ = {
			isa = PBXResourcesBuildPhase;
			buildActionMask = 2147483647;
			files = (
				65E942542A93978400B77B13 /* Preview Assets.xcassets in Resources */,
				651D9EAF2AB0A3CB00B67102 /* Soon We'll Fly.mp3 in Resources */,
				651D9EB42AB0A3CB00B67102 /* Memories of Spring.mp3 in Resources */,
				651D9EB22AB0A3CB00B67102 /* Embrace.mp3 in Resources */,
				651D9EB02AB0A3CB00B67102 /* Canon in D Major.mp3 in Resources */,
				651D9EB52AB0A3CB00B67102 /* Arnor.mp3 in Resources */,
				651D9EAE2AB0A3CB00B67102 /* Journey End.mp3 in Resources */,
				651D9EB12AB0A3CB00B67102 /* Downtown Glow.mp3 in Resources */,
				65046D1F2AD4478E005435D3 /* Signal to Noise.mp3 in Resources */,
				651D9EBB2AB0BDED00B67102 /* The Logo.mp3 in Resources */,
				65E942512A93978400B77B13 /* Assets.xcassets in Resources */,
				651D9EB32AB0A3CB00B67102 /* Art of Silence.mp3 in Resources */,
			);
			runOnlyForDeploymentPostprocessing = 0;
		};
		65E942572A93978400B77B13 /* Resources */ = {
			isa = PBXResourcesBuildPhase;
			buildActionMask = 2147483647;
			files = (
			);
			runOnlyForDeploymentPostprocessing = 0;
		};
		65E942612A93978400B77B13 /* Resources */ = {
			isa = PBXResourcesBuildPhase;
			buildActionMask = 2147483647;
			files = (
			);
			runOnlyForDeploymentPostprocessing = 0;
		};
/* End PBXResourcesBuildPhase section */

/* Begin PBXSourcesBuildPhase section */
		65E942452A93978100B77B13 /* Sources */ = {
			isa = PBXSourcesBuildPhase;
			buildActionMask = 2147483647;
			files = (
				651D9EB92AB0BBE900B67102 /* AudioPlayerModel.swift in Sources */,
				651D9EA52AB0A3A900B67102 /* ContentView.swift in Sources */,
				65C342272AF12CF100E24C15 /* TimerModel.swift in Sources */,
				65E9424D2A93978200B77B13 /* Study_MusicApp.swift in Sources */,
				65C342292AF132A400E24C15 /* TimerViews.swift in Sources */,
				65813AAA2AD846E100A0D7E9 /* AudioPlayerViews.swift in Sources */,
			);
			runOnlyForDeploymentPostprocessing = 0;
		};
		65E942552A93978400B77B13 /* Sources */ = {
			isa = PBXSourcesBuildPhase;
			buildActionMask = 2147483647;
			files = (
				65E9425E2A93978400B77B13 /* Study_MusicTests.swift in Sources */,
			);
			runOnlyForDeploymentPostprocessing = 0;
		};
		65E9425F2A93978400B77B13 /* Sources */ = {
			isa = PBXSourcesBuildPhase;
			buildActionMask = 2147483647;
			files = (
				65E9426A2A93978400B77B13 /* Study_MusicUITestsLaunchTests.swift in Sources */,
				65E942682A93978400B77B13 /* Study_MusicUITests.swift in Sources */,
			);
			runOnlyForDeploymentPostprocessing = 0;
		};
/* End PBXSourcesBuildPhase section */

/* Begin PBXTargetDependency section */
		65E9425B2A93978400B77B13 /* PBXTargetDependency */ = {
			isa = PBXTargetDependency;
			target = 65E942482A93978100B77B13 /* Study Music */;
			targetProxy = 65E9425A2A93978400B77B13 /* PBXContainerItemProxy */;
		};
		65E942652A93978400B77B13 /* PBXTargetDependency */ = {
			isa = PBXTargetDependency;
			target = 65E942482A93978100B77B13 /* Study Music */;
			targetProxy = 65E942642A93978400B77B13 /* PBXContainerItemProxy */;
		};
/* End PBXTargetDependency section */

/* Begin XCBuildConfiguration section */
		65E9426B2A93978400B77B13 /* Debug */ = {
			isa = XCBuildConfiguration;
			buildSettings = {
				ALWAYS_SEARCH_USER_PATHS = NO;
				ASSETCATALOG_COMPILER_GENERATE_SWIFT_ASSET_SYMBOL_EXTENSIONS = YES;
				CLANG_ANALYZER_NONNULL = YES;
				CLANG_ANALYZER_NUMBER_OBJECT_CONVERSION = YES_AGGRESSIVE;
				CLANG_CXX_LANGUAGE_STANDARD = "gnu++20";
				CLANG_ENABLE_MODULES = YES;
				CLANG_ENABLE_OBJC_ARC = YES;
				CLANG_ENABLE_OBJC_WEAK = YES;
				CLANG_WARN_BLOCK_CAPTURE_AUTORELEASING = YES;
				CLANG_WARN_BOOL_CONVERSION = YES;
				CLANG_WARN_COMMA = YES;
				CLANG_WARN_CONSTANT_CONVERSION = YES;
				CLANG_WARN_DEPRECATED_OBJC_IMPLEMENTATIONS = YES;
				CLANG_WARN_DIRECT_OBJC_ISA_USAGE = YES_ERROR;
				CLANG_WARN_DOCUMENTATION_COMMENTS = YES;
				CLANG_WARN_EMPTY_BODY = YES;
				CLANG_WARN_ENUM_CONVERSION = YES;
				CLANG_WARN_INFINITE_RECURSION = YES;
				CLANG_WARN_INT_CONVERSION = YES;
				CLANG_WARN_NON_LITERAL_NULL_CONVERSION = YES;
				CLANG_WARN_OBJC_IMPLICIT_RETAIN_SELF = YES;
				CLANG_WARN_OBJC_LITERAL_CONVERSION = YES;
				CLANG_WARN_OBJC_ROOT_CLASS = YES_ERROR;
				CLANG_WARN_QUOTED_INCLUDE_IN_FRAMEWORK_HEADER = YES;
				CLANG_WARN_RANGE_LOOP_ANALYSIS = YES;
				CLANG_WARN_STRICT_PROTOTYPES = YES;
				CLANG_WARN_SUSPICIOUS_MOVE = YES;
				CLANG_WARN_UNGUARDED_AVAILABILITY = YES_AGGRESSIVE;
				CLANG_WARN_UNREACHABLE_CODE = YES;
				CLANG_WARN__DUPLICATE_METHOD_MATCH = YES;
				COPY_PHASE_STRIP = NO;
				DEBUG_INFORMATION_FORMAT = dwarf;
				ENABLE_STRICT_OBJC_MSGSEND = YES;
				ENABLE_TESTABILITY = YES;
				ENABLE_USER_SCRIPT_SANDBOXING = YES;
				GCC_C_LANGUAGE_STANDARD = gnu17;
				GCC_DYNAMIC_NO_PIC = NO;
				GCC_NO_COMMON_BLOCKS = YES;
				GCC_OPTIMIZATION_LEVEL = 0;
				GCC_PREPROCESSOR_DEFINITIONS = (
					"DEBUG=1",
					"$(inherited)",
				);
				GCC_WARN_64_TO_32_BIT_CONVERSION = YES;
				GCC_WARN_ABOUT_RETURN_TYPE = YES_ERROR;
				GCC_WARN_UNDECLARED_SELECTOR = YES;
				GCC_WARN_UNINITIALIZED_AUTOS = YES_AGGRESSIVE;
				GCC_WARN_UNUSED_FUNCTION = YES;
				GCC_WARN_UNUSED_VARIABLE = YES;
				IPHONEOS_DEPLOYMENT_TARGET = 17.0;
				LOCALIZATION_PREFERS_STRING_CATALOGS = YES;
				MTL_ENABLE_DEBUG_INFO = INCLUDE_SOURCE;
				MTL_FAST_MATH = YES;
				ONLY_ACTIVE_ARCH = YES;
				SDKROOT = iphoneos;
				SWIFT_ACTIVE_COMPILATION_CONDITIONS = "DEBUG $(inherited)";
				SWIFT_OPTIMIZATION_LEVEL = "-Onone";
			};
			name = Debug;
		};
		65E9426C2A93978400B77B13 /* Release */ = {
			isa = XCBuildConfiguration;
			buildSettings = {
				ALWAYS_SEARCH_USER_PATHS = NO;
				ASSETCATALOG_COMPILER_GENERATE_SWIFT_ASSET_SYMBOL_EXTENSIONS = YES;
				CLANG_ANALYZER_NONNULL = YES;
				CLANG_ANALYZER_NUMBER_OBJECT_CONVERSION = YES_AGGRESSIVE;
				CLANG_CXX_LANGUAGE_STANDARD = "gnu++20";
				CLANG_ENABLE_MODULES = YES;
				CLANG_ENABLE_OBJC_ARC = YES;
				CLANG_ENABLE_OBJC_WEAK = YES;
				CLANG_WARN_BLOCK_CAPTURE_AUTORELEASING = YES;
				CLANG_WARN_BOOL_CONVERSION = YES;
				CLANG_WARN_COMMA = YES;
				CLANG_WARN_CONSTANT_CONVERSION = YES;
				CLANG_WARN_DEPRECATED_OBJC_IMPLEMENTATIONS = YES;
				CLANG_WARN_DIRECT_OBJC_ISA_USAGE = YES_ERROR;
				CLANG_WARN_DOCUMENTATION_COMMENTS = YES;
				CLANG_WARN_EMPTY_BODY = YES;
				CLANG_WARN_ENUM_CONVERSION = YES;
				CLANG_WARN_INFINITE_RECURSION = YES;
				CLANG_WARN_INT_CONVERSION = YES;
				CLANG_WARN_NON_LITERAL_NULL_CONVERSION = YES;
				CLANG_WARN_OBJC_IMPLICIT_RETAIN_SELF = YES;
				CLANG_WARN_OBJC_LITERAL_CONVERSION = YES;
				CLANG_WARN_OBJC_ROOT_CLASS = YES_ERROR;
				CLANG_WARN_QUOTED_INCLUDE_IN_FRAMEWORK_HEADER = YES;
				CLANG_WARN_RANGE_LOOP_ANALYSIS = YES;
				CLANG_WARN_STRICT_PROTOTYPES = YES;
				CLANG_WARN_SUSPICIOUS_MOVE = YES;
				CLANG_WARN_UNGUARDED_AVAILABILITY = YES_AGGRESSIVE;
				CLANG_WARN_UNREACHABLE_CODE = YES;
				CLANG_WARN__DUPLICATE_METHOD_MATCH = YES;
				COPY_PHASE_STRIP = NO;
				DEBUG_INFORMATION_FORMAT = "dwarf-with-dsym";
				ENABLE_NS_ASSERTIONS = NO;
				ENABLE_STRICT_OBJC_MSGSEND = YES;
				ENABLE_USER_SCRIPT_SANDBOXING = YES;
				GCC_C_LANGUAGE_STANDARD = gnu17;
				GCC_NO_COMMON_BLOCKS = YES;
				GCC_WARN_64_TO_32_BIT_CONVERSION = YES;
				GCC_WARN_ABOUT_RETURN_TYPE = YES_ERROR;
				GCC_WARN_UNDECLARED_SELECTOR = YES;
				GCC_WARN_UNINITIALIZED_AUTOS = YES_AGGRESSIVE;
				GCC_WARN_UNUSED_FUNCTION = YES;
				GCC_WARN_UNUSED_VARIABLE = YES;
				IPHONEOS_DEPLOYMENT_TARGET = 17.0;
				LOCALIZATION_PREFERS_STRING_CATALOGS = YES;
				MTL_ENABLE_DEBUG_INFO = NO;
				MTL_FAST_MATH = YES;
				SDKROOT = iphoneos;
				SWIFT_COMPILATION_MODE = wholemodule;
				VALIDATE_PRODUCT = YES;
			};
			name = Release;
		};
		65E9426E2A93978400B77B13 /* Debug */ = {
			isa = XCBuildConfiguration;
			buildSettings = {
				ASSETCATALOG_COMPILER_APPICON_NAME = AppIcon;
				ASSETCATALOG_COMPILER_GLOBAL_ACCENT_COLOR_NAME = AccentColor;
				CODE_SIGN_STYLE = Automatic;
				CURRENT_PROJECT_VERSION = 1;
				DEVELOPMENT_ASSET_PATHS = "\"Study Music/Preview Content\"";
				ENABLE_PREVIEWS = YES;
				GENERATE_INFOPLIST_FILE = YES;
				INFOPLIST_KEY_UIApplicationSceneManifest_Generation = YES;
				INFOPLIST_KEY_UIApplicationSupportsIndirectInputEvents = YES;
				INFOPLIST_KEY_UILaunchScreen_Generation = YES;
				INFOPLIST_KEY_UISupportedInterfaceOrientations_iPad = "UIInterfaceOrientationPortrait UIInterfaceOrientationPortraitUpsideDown UIInterfaceOrientationLandscapeLeft UIInterfaceOrientationLandscapeRight";
				INFOPLIST_KEY_UISupportedInterfaceOrientations_iPhone = "UIInterfaceOrientationPortrait UIInterfaceOrientationLandscapeLeft UIInterfaceOrientationLandscapeRight";
				IPHONEOS_DEPLOYMENT_TARGET = 16.0;
				LD_RUNPATH_SEARCH_PATHS = (
					"$(inherited)",
					"@executable_path/Frameworks",
				);
				MARKETING_VERSION = 1.0;
				PRODUCT_BUNDLE_IDENTIFIER = "com.ameliacitra.Study-Music";
				PRODUCT_NAME = "$(TARGET_NAME)";
				SWIFT_EMIT_LOC_STRINGS = YES;
				SWIFT_VERSION = 5.0;
				TARGETED_DEVICE_FAMILY = "1,2";
			};
			name = Debug;
		};
		65E9426F2A93978400B77B13 /* Release */ = {
			isa = XCBuildConfiguration;
			buildSettings = {
				ASSETCATALOG_COMPILER_APPICON_NAME = AppIcon;
				ASSETCATALOG_COMPILER_GLOBAL_ACCENT_COLOR_NAME = AccentColor;
				CODE_SIGN_STYLE = Automatic;
				CURRENT_PROJECT_VERSION = 1;
				DEVELOPMENT_ASSET_PATHS = "\"Study Music/Preview Content\"";
				ENABLE_PREVIEWS = YES;
				GENERATE_INFOPLIST_FILE = YES;
				INFOPLIST_KEY_UIApplicationSceneManifest_Generation = YES;
				INFOPLIST_KEY_UIApplicationSupportsIndirectInputEvents = YES;
				INFOPLIST_KEY_UILaunchScreen_Generation = YES;
				INFOPLIST_KEY_UISupportedInterfaceOrientations_iPad = "UIInterfaceOrientationPortrait UIInterfaceOrientationPortraitUpsideDown UIInterfaceOrientationLandscapeLeft UIInterfaceOrientationLandscapeRight";
				INFOPLIST_KEY_UISupportedInterfaceOrientations_iPhone = "UIInterfaceOrientationPortrait UIInterfaceOrientationLandscapeLeft UIInterfaceOrientationLandscapeRight";
				IPHONEOS_DEPLOYMENT_TARGET = 16.0;
				LD_RUNPATH_SEARCH_PATHS = (
					"$(inherited)",
					"@executable_path/Frameworks",
				);
				MARKETING_VERSION = 1.0;
				PRODUCT_BUNDLE_IDENTIFIER = "com.ameliacitra.Study-Music";
				PRODUCT_NAME = "$(TARGET_NAME)";
				SWIFT_EMIT_LOC_STRINGS = YES;
				SWIFT_VERSION = 5.0;
				TARGETED_DEVICE_FAMILY = "1,2";
			};
			name = Release;
		};
		65E942712A93978400B77B13 /* Debug */ = {
			isa = XCBuildConfiguration;
			buildSettings = {
				ALWAYS_EMBED_SWIFT_STANDARD_LIBRARIES = YES;
				BUNDLE_LOADER = "$(TEST_HOST)";
				CODE_SIGN_STYLE = Automatic;
				CURRENT_PROJECT_VERSION = 1;
				GENERATE_INFOPLIST_FILE = YES;
				IPHONEOS_DEPLOYMENT_TARGET = 17.0;
				MARKETING_VERSION = 1.0;
				PRODUCT_BUNDLE_IDENTIFIER = "com.ameliacitra.Study-MusicTests";
				PRODUCT_NAME = "$(TARGET_NAME)";
				SWIFT_EMIT_LOC_STRINGS = NO;
				SWIFT_VERSION = 5.0;
				TARGETED_DEVICE_FAMILY = "1,2";
				TEST_HOST = "$(BUILT_PRODUCTS_DIR)/Study Music.app/$(BUNDLE_EXECUTABLE_FOLDER_PATH)/Study Music";
			};
			name = Debug;
		};
		65E942722A93978400B77B13 /* Release */ = {
			isa = XCBuildConfiguration;
			buildSettings = {
				ALWAYS_EMBED_SWIFT_STANDARD_LIBRARIES = YES;
				BUNDLE_LOADER = "$(TEST_HOST)";
				CODE_SIGN_STYLE = Automatic;
				CURRENT_PROJECT_VERSION = 1;
				GENERATE_INFOPLIST_FILE = YES;
				IPHONEOS_DEPLOYMENT_TARGET = 17.0;
				MARKETING_VERSION = 1.0;
				PRODUCT_BUNDLE_IDENTIFIER = "com.ameliacitra.Study-MusicTests";
				PRODUCT_NAME = "$(TARGET_NAME)";
				SWIFT_EMIT_LOC_STRINGS = NO;
				SWIFT_VERSION = 5.0;
				TARGETED_DEVICE_FAMILY = "1,2";
				TEST_HOST = "$(BUILT_PRODUCTS_DIR)/Study Music.app/$(BUNDLE_EXECUTABLE_FOLDER_PATH)/Study Music";
			};
			name = Release;
		};
		65E942742A93978400B77B13 /* Debug */ = {
			isa = XCBuildConfiguration;
			buildSettings = {
				ALWAYS_EMBED_SWIFT_STANDARD_LIBRARIES = YES;
				CODE_SIGN_STYLE = Automatic;
				CURRENT_PROJECT_VERSION = 1;
				GENERATE_INFOPLIST_FILE = YES;
				MARKETING_VERSION = 1.0;
				PRODUCT_BUNDLE_IDENTIFIER = "com.ameliacitra.Study-MusicUITests";
				PRODUCT_NAME = "$(TARGET_NAME)";
				SWIFT_EMIT_LOC_STRINGS = NO;
				SWIFT_VERSION = 5.0;
				TARGETED_DEVICE_FAMILY = "1,2";
				TEST_TARGET_NAME = "Study Music";
			};
			name = Debug;
		};
		65E942752A93978400B77B13 /* Release */ = {
			isa = XCBuildConfiguration;
			buildSettings = {
				ALWAYS_EMBED_SWIFT_STANDARD_LIBRARIES = YES;
				CODE_SIGN_STYLE = Automatic;
				CURRENT_PROJECT_VERSION = 1;
				GENERATE_INFOPLIST_FILE = YES;
				MARKETING_VERSION = 1.0;
				PRODUCT_BUNDLE_IDENTIFIER = "com.ameliacitra.Study-MusicUITests";
				PRODUCT_NAME = "$(TARGET_NAME)";
				SWIFT_EMIT_LOC_STRINGS = NO;
				SWIFT_VERSION = 5.0;
				TARGETED_DEVICE_FAMILY = "1,2";
				TEST_TARGET_NAME = "Study Music";
			};
			name = Release;
		};
/* End XCBuildConfiguration section */

/* Begin XCConfigurationList section */
		65E942442A93978100B77B13 /* Build configuration list for PBXProject "Study Music" */ = {
			isa = XCConfigurationList;
			buildConfigurations = (
				65E9426B2A93978400B77B13 /* Debug */,
				65E9426C2A93978400B77B13 /* Release */,
			);
			defaultConfigurationIsVisible = 0;
			defaultConfigurationName = Release;
		};
		65E9426D2A93978400B77B13 /* Build configuration list for PBXNativeTarget "Study Music" */ = {
			isa = XCConfigurationList;
			buildConfigurations = (
				65E9426E2A93978400B77B13 /* Debug */,
				65E9426F2A93978400B77B13 /* Release */,
			);
			defaultConfigurationIsVisible = 0;
			defaultConfigurationName = Release;
		};
		65E942702A93978400B77B13 /* Build configuration list for PBXNativeTarget "Study MusicTests" */ = {
			isa = XCConfigurationList;
			buildConfigurations = (
				65E942712A93978400B77B13 /* Debug */,
				65E942722A93978400B77B13 /* Release */,
			);
			defaultConfigurationIsVisible = 0;
			defaultConfigurationName = Release;
		};
		65E942732A93978400B77B13 /* Build configuration list for PBXNativeTarget "Study MusicUITests" */ = {
			isa = XCConfigurationList;
			buildConfigurations = (
				65E942742A93978400B77B13 /* Debug */,
				65E942752A93978400B77B13 /* Release */,
			);
			defaultConfigurationIsVisible = 0;
			defaultConfigurationName = Release;
		};
/* End XCConfigurationList section */
	};
	rootObject = 65E942412A93978100B77B13 /* Project object */;
}
